
Microsoft Visual Studio Solution File, Format Version 12.00
# Visual Studio Version 17
VisualStudioVersion = 17.4.33103.184
MinimumVisualStudioVersion = 10.0.40219.1
Project("{9A19103F-16F7-4668-BE54-9A1E7A4F7556}") = "Identity", "Identity.csproj", "{3EF53504-4ABB-4F1C-A5A8-9C57AA344807}"
EndProject
Global
	GlobalSection(SolutionConfigurationPlatforms) = preSolution
		Debug|Any CPU = Debug|Any CPU
		Release|Any CPU = Release|Any CPU
	EndGlobalSection
	GlobalSection(ProjectConfigurationPlatforms) = postSolution
		{3EF53504-4ABB-4F1C-A5A8-9C57AA344807}.Debug|Any CPU.ActiveCfg = Debug|Any CPU
		{3EF53504-4ABB-4F1C-A5A8-9C57AA344807}.Debug|Any CPU.Build.0 = Debug|Any CPU
		{3EF53504-4ABB-4F1C-A5A8-9C57AA344807}.Release|Any CPU.ActiveCfg = Release|Any CPU
		{3EF53504-4ABB-4F1C-A5A8-9C57AA344807}.Release|Any CPU.Build.0 = Release|Any CPU
	EndGlobalSection
	GlobalSection(SolutionProperties) = preSolution
		HideSolutionNode = FALSE
	EndGlobalSection
	GlobalSection(ExtensibilityGlobals) = postSolution
		SolutionGuid = {5F223ABA-BF30-40E4-86B4-8655785FCFB7}
	EndGlobalSection
EndGlobal
